// !$*UTF8*$!
{
	archiveVersion = 1;
	classes = {
	};
	objectVersion = 50;
	objects = {

/* Begin PBXBuildFile section */
		B9135F0525120EA500DE047A /* UIImageExtension.swift in Sources */ = {isa = PBXBuildFile; fileRef = B9135F0425120EA500DE047A /* UIImageExtension.swift */; };
		B9135F08251239EC00DE047A /* TasksUseCaseTests.swift in Sources */ = {isa = PBXBuildFile; fileRef = B9135F07251239EC00DE047A /* TasksUseCaseTests.swift */; };
		B93C84F5251350F00004F864 /* TaskDetailSceneTest.swift in Sources */ = {isa = PBXBuildFile; fileRef = B93C84F4251350F00004F864 /* TaskDetailSceneTest.swift */; };
		B93C84F7251360D70004F864 /* TaskListSceneTest.swift in Sources */ = {isa = PBXBuildFile; fileRef = B93C84F6251360D70004F864 /* TaskListSceneTest.swift */; };
		B9958EE9250FEB6A00B19D36 /* TaskTableViewCell.swift in Sources */ = {isa = PBXBuildFile; fileRef = B9958EE8250FEB6A00B19D36 /* TaskTableViewCell.swift */; };
		B9958EF0250FF1CE00B19D36 /* TaskDetailViewController.swift in Sources */ = {isa = PBXBuildFile; fileRef = B9958EEF250FF1CE00B19D36 /* TaskDetailViewController.swift */; };
		B9958EF4250FF20900B19D36 /* TaskDetail.storyboard in Resources */ = {isa = PBXBuildFile; fileRef = B9958EF3250FF20900B19D36 /* TaskDetail.storyboard */; };
		B9958EF6250FF53D00B19D36 /* TaskDetailsViewModel.swift in Sources */ = {isa = PBXBuildFile; fileRef = B9958EF5250FF53D00B19D36 /* TaskDetailsViewModel.swift */; };
		B99B1D02250F55D3000E0CDD /* AppDelegate.swift in Sources */ = {isa = PBXBuildFile; fileRef = B99B1D01250F55D3000E0CDD /* AppDelegate.swift */; };
		B99B1D0B250F55D5000E0CDD /* Assets.xcassets in Resources */ = {isa = PBXBuildFile; fileRef = B99B1D0A250F55D5000E0CDD /* Assets.xcassets */; };
		B99B1D0E250F55D5000E0CDD /* LaunchScreen.storyboard in Resources */ = {isa = PBXBuildFile; fileRef = B99B1D0C250F55D5000E0CDD /* LaunchScreen.storyboard */; };
		B99B1D19250F55D5000E0CDD /* TasksTests.swift in Sources */ = {isa = PBXBuildFile; fileRef = B99B1D18250F55D5000E0CDD /* TasksTests.swift */; };
		B99B1D24250F55D5000E0CDD /* TasksUITests.swift in Sources */ = {isa = PBXBuildFile; fileRef = B99B1D23250F55D5000E0CDD /* TasksUITests.swift */; };
		B99B1D34250F57EA000E0CDD /* ApplicationRouter.swift in Sources */ = {isa = PBXBuildFile; fileRef = B99B1D33250F57EA000E0CDD /* ApplicationRouter.swift */; };
		B99B1D3E250F5A3A000E0CDD /* TasksListTableViewController.swift in Sources */ = {isa = PBXBuildFile; fileRef = B99B1D3D250F5A3A000E0CDD /* TasksListTableViewController.swift */; };
		B99B1D42250F5AB2000E0CDD /* ApplicationCoordinator.swift in Sources */ = {isa = PBXBuildFile; fileRef = B99B1D41250F5AB2000E0CDD /* ApplicationCoordinator.swift */; };
		B99B1D45250F5C8D000E0CDD /* TasksListCoordinator.swift in Sources */ = {isa = PBXBuildFile; fileRef = B99B1D44250F5C8D000E0CDD /* TasksListCoordinator.swift */; };
		B99B1D47250F5DBC000E0CDD /* TasksList.storyboard in Resources */ = {isa = PBXBuildFile; fileRef = B99B1D46250F5DBC000E0CDD /* TasksList.storyboard */; };
		B9CB700F2510A59800B7852F /* TaskResponseEntity+CoreDataClass.swift in Sources */ = {isa = PBXBuildFile; fileRef = B9CB700D2510A59800B7852F /* TaskResponseEntity+CoreDataClass.swift */; };
		B9CB70102510A59800B7852F /* TaskResponseEntity+CoreDataProperties.swift in Sources */ = {isa = PBXBuildFile; fileRef = B9CB700E2510A59800B7852F /* TaskResponseEntity+CoreDataProperties.swift */; };
		B9FDA4AA250F6024009DB027 /* TasksListViewModel.swift in Sources */ = {isa = PBXBuildFile; fileRef = B9FDA4A9250F6024009DB027 /* TasksListViewModel.swift */; };
		B9FDA4AC250F61DF009DB027 /* Observable.swift in Sources */ = {isa = PBXBuildFile; fileRef = B9FDA4AB250F61DF009DB027 /* Observable.swift */; };
		B9FDA4AE250F6447009DB027 /* TasksListItemViewModel.swift in Sources */ = {isa = PBXBuildFile; fileRef = B9FDA4AD250F6447009DB027 /* TasksListItemViewModel.swift */; };
		B9FDA4B1250F6669009DB027 /* Task.swift in Sources */ = {isa = PBXBuildFile; fileRef = B9FDA4B0250F6669009DB027 /* Task.swift */; };
		B9FDA4B3250F676A009DB027 /* TaskQuery.swift in Sources */ = {isa = PBXBuildFile; fileRef = B9FDA4B2250F676A009DB027 /* TaskQuery.swift */; };
		B9FDA4B6250F683C009DB027 /* TasksUseCase.swift in Sources */ = {isa = PBXBuildFile; fileRef = B9FDA4B5250F683C009DB027 /* TasksUseCase.swift */; };
		B9FDA4B8250F68E4009DB027 /* Cancellable.swift in Sources */ = {isa = PBXBuildFile; fileRef = B9FDA4B7250F68E4009DB027 /* Cancellable.swift */; };
		B9FDA4BC250F6957009DB027 /* TasksRepository.swift in Sources */ = {isa = PBXBuildFile; fileRef = B9FDA4BB250F6957009DB027 /* TasksRepository.swift */; };
		B9FDA4C0250F7DA1009DB027 /* ApplicationConfigurations.swift in Sources */ = {isa = PBXBuildFile; fileRef = B9FDA4BF250F7DA1009DB027 /* ApplicationConfigurations.swift */; };
		B9FDA4C2250F7EAD009DB027 /* ApplicationDI.swift in Sources */ = {isa = PBXBuildFile; fileRef = B9FDA4C1250F7EAD009DB027 /* ApplicationDI.swift */; };
		B9FDA4D1250F9411009DB027 /* NetworkConfig.swift in Sources */ = {isa = PBXBuildFile; fileRef = B9FDA4CD250F9411009DB027 /* NetworkConfig.swift */; };
		B9FDA4D2250F9411009DB027 /* DataTransferService.swift in Sources */ = {isa = PBXBuildFile; fileRef = B9FDA4CE250F9411009DB027 /* DataTransferService.swift */; };
		B9FDA4D3250F9411009DB027 /* NetworkService.swift in Sources */ = {isa = PBXBuildFile; fileRef = B9FDA4CF250F9411009DB027 /* NetworkService.swift */; };
		B9FDA4D4250F9411009DB027 /* Endpoint.swift in Sources */ = {isa = PBXBuildFile; fileRef = B9FDA4D0250F9411009DB027 /* Endpoint.swift */; };
		B9FDA4D7250F9518009DB027 /* TasksSceneDI.swift in Sources */ = {isa = PBXBuildFile; fileRef = B9FDA4D6250F9518009DB027 /* TasksSceneDI.swift */; };
		B9FDA4D9250F9D45009DB027 /* StoryboardInstantiable.swift in Sources */ = {isa = PBXBuildFile; fileRef = B9FDA4D8250F9D45009DB027 /* StoryboardInstantiable.swift */; };
		B9FDA4DC250F9E71009DB027 /* BaseTasksRepository.swift in Sources */ = {isa = PBXBuildFile; fileRef = B9FDA4DB250F9E71009DB027 /* BaseTasksRepository.swift */; };
		B9FDA4DF250F9EDF009DB027 /* TasksResponseStorage.swift in Sources */ = {isa = PBXBuildFile; fileRef = B9FDA4DE250F9EDF009DB027 /* TasksResponseStorage.swift */; };
		B9FDA4E3250FA09C009DB027 /* TasksRequestDTO+Mapping.swift in Sources */ = {isa = PBXBuildFile; fileRef = B9FDA4E2250FA09C009DB027 /* TasksRequestDTO+Mapping.swift */; };
		B9FDA4E5250FA0DC009DB027 /* TasksResponseDTO+Mapping.swift in Sources */ = {isa = PBXBuildFile; fileRef = B9FDA4E4250FA0DC009DB027 /* TasksResponseDTO+Mapping.swift */; };
		B9FDA4E8250FA4A0009DB027 /* RepositoryResponsibility.swift in Sources */ = {isa = PBXBuildFile; fileRef = B9FDA4E7250FA4A0009DB027 /* RepositoryResponsibility.swift */; };
		B9FDA4EA250FA63F009DB027 /* APIEndpoints.swift in Sources */ = {isa = PBXBuildFile; fileRef = B9FDA4E9250FA63F009DB027 /* APIEndpoints.swift */; };
		B9FDA4EC250FA8A4009DB027 /* CoreDataTasksResponseStorage.swift in Sources */ = {isa = PBXBuildFile; fileRef = B9FDA4EB250FA8A4009DB027 /* CoreDataTasksResponseStorage.swift */; };
		B9FDA4EE250FA8C6009DB027 /* CoreDataStorage.swift in Sources */ = {isa = PBXBuildFile; fileRef = B9FDA4ED250FA8C6009DB027 /* CoreDataStorage.swift */; };
		B9FDA4F1250FA907009DB027 /* CoreDataStorage.xcdatamodeld in Sources */ = {isa = PBXBuildFile; fileRef = B9FDA4EF250FA907009DB027 /* CoreDataStorage.xcdatamodeld */; };
/* End PBXBuildFile section */

/* Begin PBXContainerItemProxy section */
		B99B1D15250F55D5000E0CDD /* PBXContainerItemProxy */ = {
			isa = PBXContainerItemProxy;
			containerPortal = B99B1CF6250F55D3000E0CDD /* Project object */;
			proxyType = 1;
			remoteGlobalIDString = B99B1CFD250F55D3000E0CDD;
			remoteInfo = Tasks;
		};
		B99B1D20250F55D5000E0CDD /* PBXContainerItemProxy */ = {
			isa = PBXContainerItemProxy;
			containerPortal = B99B1CF6250F55D3000E0CDD /* Project object */;
			proxyType = 1;
			remoteGlobalIDString = B99B1CFD250F55D3000E0CDD;
			remoteInfo = Tasks;
		};
/* End PBXContainerItemProxy section */

/* Begin PBXFileReference section */
		B9135F0425120EA500DE047A /* UIImageExtension.swift */ = {isa = PBXFileReference; lastKnownFileType = sourcecode.swift; path = UIImageExtension.swift; sourceTree = "<group>"; };
		B9135F07251239EC00DE047A /* TasksUseCaseTests.swift */ = {isa = PBXFileReference; lastKnownFileType = sourcecode.swift; path = TasksUseCaseTests.swift; sourceTree = "<group>"; };
		B93C84F4251350F00004F864 /* TaskDetailSceneTest.swift */ = {isa = PBXFileReference; lastKnownFileType = sourcecode.swift; path = TaskDetailSceneTest.swift; sourceTree = "<group>"; };
		B93C84F6251360D70004F864 /* TaskListSceneTest.swift */ = {isa = PBXFileReference; lastKnownFileType = sourcecode.swift; path = TaskListSceneTest.swift; sourceTree = "<group>"; };
		B9958EE8250FEB6A00B19D36 /* TaskTableViewCell.swift */ = {isa = PBXFileReference; lastKnownFileType = sourcecode.swift; path = TaskTableViewCell.swift; sourceTree = "<group>"; };
		B9958EEF250FF1CE00B19D36 /* TaskDetailViewController.swift */ = {isa = PBXFileReference; lastKnownFileType = sourcecode.swift; path = TaskDetailViewController.swift; sourceTree = "<group>"; };
		B9958EF3250FF20900B19D36 /* TaskDetail.storyboard */ = {isa = PBXFileReference; lastKnownFileType = file.storyboard; path = TaskDetail.storyboard; sourceTree = "<group>"; };
		B9958EF5250FF53D00B19D36 /* TaskDetailsViewModel.swift */ = {isa = PBXFileReference; lastKnownFileType = sourcecode.swift; path = TaskDetailsViewModel.swift; sourceTree = "<group>"; };
		B99B1CFE250F55D3000E0CDD /* Tasks.app */ = {isa = PBXFileReference; explicitFileType = wrapper.application; includeInIndex = 0; path = Tasks.app; sourceTree = BUILT_PRODUCTS_DIR; };
		B99B1D01250F55D3000E0CDD /* AppDelegate.swift */ = {isa = PBXFileReference; lastKnownFileType = sourcecode.swift; path = AppDelegate.swift; sourceTree = "<group>"; };
		B99B1D0A250F55D5000E0CDD /* Assets.xcassets */ = {isa = PBXFileReference; lastKnownFileType = folder.assetcatalog; path = Assets.xcassets; sourceTree = "<group>"; };
		B99B1D0D250F55D5000E0CDD /* Base */ = {isa = PBXFileReference; lastKnownFileType = file.storyboard; name = Base; path = Base.lproj/LaunchScreen.storyboard; sourceTree = "<group>"; };
		B99B1D0F250F55D5000E0CDD /* Info.plist */ = {isa = PBXFileReference; lastKnownFileType = text.plist.xml; path = Info.plist; sourceTree = "<group>"; };
		B99B1D14250F55D5000E0CDD /* TasksTests.xctest */ = {isa = PBXFileReference; explicitFileType = wrapper.cfbundle; includeInIndex = 0; path = TasksTests.xctest; sourceTree = BUILT_PRODUCTS_DIR; };
		B99B1D18250F55D5000E0CDD /* TasksTests.swift */ = {isa = PBXFileReference; lastKnownFileType = sourcecode.swift; path = TasksTests.swift; sourceTree = "<group>"; };
		B99B1D1A250F55D5000E0CDD /* Info.plist */ = {isa = PBXFileReference; lastKnownFileType = text.plist.xml; path = Info.plist; sourceTree = "<group>"; };
		B99B1D1F250F55D5000E0CDD /* TasksUITests.xctest */ = {isa = PBXFileReference; explicitFileType = wrapper.cfbundle; includeInIndex = 0; path = TasksUITests.xctest; sourceTree = BUILT_PRODUCTS_DIR; };
		B99B1D23250F55D5000E0CDD /* TasksUITests.swift */ = {isa = PBXFileReference; lastKnownFileType = sourcecode.swift; path = TasksUITests.swift; sourceTree = "<group>"; };
		B99B1D25250F55D5000E0CDD /* Info.plist */ = {isa = PBXFileReference; lastKnownFileType = text.plist.xml; path = Info.plist; sourceTree = "<group>"; };
		B99B1D33250F57EA000E0CDD /* ApplicationRouter.swift */ = {isa = PBXFileReference; lastKnownFileType = sourcecode.swift; path = ApplicationRouter.swift; sourceTree = "<group>"; };
		B99B1D3D250F5A3A000E0CDD /* TasksListTableViewController.swift */ = {isa = PBXFileReference; lastKnownFileType = sourcecode.swift; path = TasksListTableViewController.swift; sourceTree = "<group>"; };
		B99B1D41250F5AB2000E0CDD /* ApplicationCoordinator.swift */ = {isa = PBXFileReference; lastKnownFileType = sourcecode.swift; path = ApplicationCoordinator.swift; sourceTree = "<group>"; };
		B99B1D44250F5C8D000E0CDD /* TasksListCoordinator.swift */ = {isa = PBXFileReference; lastKnownFileType = sourcecode.swift; path = TasksListCoordinator.swift; sourceTree = "<group>"; };
		B99B1D46250F5DBC000E0CDD /* TasksList.storyboard */ = {isa = PBXFileReference; lastKnownFileType = file.storyboard; path = TasksList.storyboard; sourceTree = "<group>"; };
		B9CB700D2510A59800B7852F /* TaskResponseEntity+CoreDataClass.swift */ = {isa = PBXFileReference; lastKnownFileType = sourcecode.swift; name = "TaskResponseEntity+CoreDataClass.swift"; path = "Tasks/Data/PersistentStorages/CoreDataStorage/TaskResponseEntity+CoreDataClass.swift"; sourceTree = "<group>"; };
		B9CB700E2510A59800B7852F /* TaskResponseEntity+CoreDataProperties.swift */ = {isa = PBXFileReference; lastKnownFileType = sourcecode.swift; name = "TaskResponseEntity+CoreDataProperties.swift"; path = "Tasks/Data/PersistentStorages/CoreDataStorage/TaskResponseEntity+CoreDataProperties.swift"; sourceTree = "<group>"; };
		B9FDA4A9250F6024009DB027 /* TasksListViewModel.swift */ = {isa = PBXFileReference; lastKnownFileType = sourcecode.swift; path = TasksListViewModel.swift; sourceTree = "<group>"; };
		B9FDA4AB250F61DF009DB027 /* Observable.swift */ = {isa = PBXFileReference; lastKnownFileType = sourcecode.swift; path = Observable.swift; sourceTree = "<group>"; };
		B9FDA4AD250F6447009DB027 /* TasksListItemViewModel.swift */ = {isa = PBXFileReference; lastKnownFileType = sourcecode.swift; path = TasksListItemViewModel.swift; sourceTree = "<group>"; };
		B9FDA4B0250F6669009DB027 /* Task.swift */ = {isa = PBXFileReference; lastKnownFileType = sourcecode.swift; path = Task.swift; sourceTree = "<group>"; };
		B9FDA4B2250F676A009DB027 /* TaskQuery.swift */ = {isa = PBXFileReference; lastKnownFileType = sourcecode.swift; path = TaskQuery.swift; sourceTree = "<group>"; };
		B9FDA4B5250F683C009DB027 /* TasksUseCase.swift */ = {isa = PBXFileReference; lastKnownFileType = sourcecode.swift; path = TasksUseCase.swift; sourceTree = "<group>"; };
		B9FDA4B7250F68E4009DB027 /* Cancellable.swift */ = {isa = PBXFileReference; lastKnownFileType = sourcecode.swift; path = Cancellable.swift; sourceTree = "<group>"; };
		B9FDA4BB250F6957009DB027 /* TasksRepository.swift */ = {isa = PBXFileReference; lastKnownFileType = sourcecode.swift; path = TasksRepository.swift; sourceTree = "<group>"; };
		B9FDA4BF250F7DA1009DB027 /* ApplicationConfigurations.swift */ = {isa = PBXFileReference; lastKnownFileType = sourcecode.swift; path = ApplicationConfigurations.swift; sourceTree = "<group>"; };
		B9FDA4C1250F7EAD009DB027 /* ApplicationDI.swift */ = {isa = PBXFileReference; lastKnownFileType = sourcecode.swift; path = ApplicationDI.swift; sourceTree = "<group>"; };
		B9FDA4CD250F9411009DB027 /* NetworkConfig.swift */ = {isa = PBXFileReference; fileEncoding = 4; lastKnownFileType = sourcecode.swift; path = NetworkConfig.swift; sourceTree = "<group>"; };
		B9FDA4CE250F9411009DB027 /* DataTransferService.swift */ = {isa = PBXFileReference; fileEncoding = 4; lastKnownFileType = sourcecode.swift; path = DataTransferService.swift; sourceTree = "<group>"; };
		B9FDA4CF250F9411009DB027 /* NetworkService.swift */ = {isa = PBXFileReference; fileEncoding = 4; lastKnownFileType = sourcecode.swift; path = NetworkService.swift; sourceTree = "<group>"; };
		B9FDA4D0250F9411009DB027 /* Endpoint.swift */ = {isa = PBXFileReference; fileEncoding = 4; lastKnownFileType = sourcecode.swift; path = Endpoint.swift; sourceTree = "<group>"; };
		B9FDA4D6250F9518009DB027 /* TasksSceneDI.swift */ = {isa = PBXFileReference; lastKnownFileType = sourcecode.swift; path = TasksSceneDI.swift; sourceTree = "<group>"; };
		B9FDA4D8250F9D45009DB027 /* StoryboardInstantiable.swift */ = {isa = PBXFileReference; lastKnownFileType = sourcecode.swift; path = StoryboardInstantiable.swift; sourceTree = "<group>"; };
		B9FDA4DB250F9E71009DB027 /* BaseTasksRepository.swift */ = {isa = PBXFileReference; lastKnownFileType = sourcecode.swift; path = BaseTasksRepository.swift; sourceTree = "<group>"; };
		B9FDA4DE250F9EDF009DB027 /* TasksResponseStorage.swift */ = {isa = PBXFileReference; lastKnownFileType = sourcecode.swift; path = TasksResponseStorage.swift; sourceTree = "<group>"; };
		B9FDA4E2250FA09C009DB027 /* TasksRequestDTO+Mapping.swift */ = {isa = PBXFileReference; lastKnownFileType = sourcecode.swift; path = "TasksRequestDTO+Mapping.swift"; sourceTree = "<group>"; };
		B9FDA4E4250FA0DC009DB027 /* TasksResponseDTO+Mapping.swift */ = {isa = PBXFileReference; lastKnownFileType = sourcecode.swift; path = "TasksResponseDTO+Mapping.swift"; sourceTree = "<group>"; };
		B9FDA4E7250FA4A0009DB027 /* RepositoryResponsibility.swift */ = {isa = PBXFileReference; lastKnownFileType = sourcecode.swift; path = RepositoryResponsibility.swift; sourceTree = "<group>"; };
		B9FDA4E9250FA63F009DB027 /* APIEndpoints.swift */ = {isa = PBXFileReference; lastKnownFileType = sourcecode.swift; path = APIEndpoints.swift; sourceTree = "<group>"; };
		B9FDA4EB250FA8A4009DB027 /* CoreDataTasksResponseStorage.swift */ = {isa = PBXFileReference; lastKnownFileType = sourcecode.swift; path = CoreDataTasksResponseStorage.swift; sourceTree = "<group>"; };
		B9FDA4ED250FA8C6009DB027 /* CoreDataStorage.swift */ = {isa = PBXFileReference; lastKnownFileType = sourcecode.swift; path = CoreDataStorage.swift; sourceTree = "<group>"; };
		B9FDA4F0250FA907009DB027 /* CoreDataStorage.xcdatamodel */ = {isa = PBXFileReference; lastKnownFileType = wrapper.xcdatamodel; path = CoreDataStorage.xcdatamodel; sourceTree = "<group>"; };
/* End PBXFileReference section */

/* Begin PBXFrameworksBuildPhase section */
		B99B1CFB250F55D3000E0CDD /* Frameworks */ = {
			isa = PBXFrameworksBuildPhase;
			buildActionMask = 2147483647;
			files = (
			);
			runOnlyForDeploymentPostprocessing = 0;
		};
		B99B1D11250F55D5000E0CDD /* Frameworks */ = {
			isa = PBXFrameworksBuildPhase;
			buildActionMask = 2147483647;
			files = (
			);
			runOnlyForDeploymentPostprocessing = 0;
		};
		B99B1D1C250F55D5000E0CDD /* Frameworks */ = {
			isa = PBXFrameworksBuildPhase;
			buildActionMask = 2147483647;
			files = (
			);
			runOnlyForDeploymentPostprocessing = 0;
		};
/* End PBXFrameworksBuildPhase section */

/* Begin PBXGroup section */
		B9135F06251239DA00DE047A /* Domain */ = {
			isa = PBXGroup;
			children = (
				B9135F07251239EC00DE047A /* TasksUseCaseTests.swift */,
			);
			path = Domain;
			sourceTree = "<group>";
		};
		B93C84F3251350A90004F864 /* TaskScene */ = {
			isa = PBXGroup;
			children = (
				B93C84F4251350F00004F864 /* TaskDetailSceneTest.swift */,
				B93C84F6251360D70004F864 /* TaskListSceneTest.swift */,
			);
			path = TaskScene;
			sourceTree = "<group>";
		};
		B9958EE7250FEB5200B19D36 /* Cell */ = {
			isa = PBXGroup;
			children = (
				B9958EE8250FEB6A00B19D36 /* TaskTableViewCell.swift */,
			);
			path = Cell;
			sourceTree = "<group>";
		};
		B9958EEC250FF1B100B19D36 /* TaskDetail */ = {
			isa = PBXGroup;
			children = (
				B9958EEE250FF1B900B19D36 /* ViewModel */,
				B9958EED250FF1B600B19D36 /* View */,
			);
			path = TaskDetail;
			sourceTree = "<group>";
		};
		B9958EED250FF1B600B19D36 /* View */ = {
			isa = PBXGroup;
			children = (
				B9958EEF250FF1CE00B19D36 /* TaskDetailViewController.swift */,
				B9958EF3250FF20900B19D36 /* TaskDetail.storyboard */,
			);
			path = View;
			sourceTree = "<group>";
		};
		B9958EEE250FF1B900B19D36 /* ViewModel */ = {
			isa = PBXGroup;
			children = (
				B9958EF5250FF53D00B19D36 /* TaskDetailsViewModel.swift */,
			);
			path = ViewModel;
			sourceTree = "<group>";
		};
		B99B1CF5250F55D3000E0CDD = {
			isa = PBXGroup;
			children = (
				B9CB700D2510A59800B7852F /* TaskResponseEntity+CoreDataClass.swift */,
				B9CB700E2510A59800B7852F /* TaskResponseEntity+CoreDataProperties.swift */,
				B99B1D00250F55D3000E0CDD /* Tasks */,
				B99B1D17250F55D5000E0CDD /* TasksTests */,
				B99B1D22250F55D5000E0CDD /* TasksUITests */,
				B99B1CFF250F55D3000E0CDD /* Products */,
			);
			sourceTree = "<group>";
		};
		B99B1CFF250F55D3000E0CDD /* Products */ = {
			isa = PBXGroup;
			children = (
				B99B1CFE250F55D3000E0CDD /* Tasks.app */,
				B99B1D14250F55D5000E0CDD /* TasksTests.xctest */,
				B99B1D1F250F55D5000E0CDD /* TasksUITests.xctest */,
			);
			name = Products;
			sourceTree = "<group>";
		};
		B99B1D00250F55D3000E0CDD /* Tasks */ = {
			isa = PBXGroup;
			children = (
				B9FDA4C3250F9386009DB027 /* Infrastructure */,
				B9FDA4AB250F61DF009DB027 /* Observable.swift */,
				B9FDA4B7250F68E4009DB027 /* Cancellable.swift */,
				B9FDA4E7250FA4A0009DB027 /* RepositoryResponsibility.swift */,
				B9FDA4D8250F9D45009DB027 /* StoryboardInstantiable.swift */,
				B9135F0425120EA500DE047A /* UIImageExtension.swift */,
				B99B1D37250F590D000E0CDD /* Data */,
				B99B1D36250F5909000E0CDD /* Domain */,
				B99B1D35250F5900000E0CDD /* Presentation */,
				B99B1D32250F57C2000E0CDD /* Resources */,
				B99B1D31250F57B2000E0CDD /* Application */,
				B99B1D0F250F55D5000E0CDD /* Info.plist */,
			);
			path = Tasks;
			sourceTree = "<group>";
		};
		B99B1D17250F55D5000E0CDD /* TasksTests */ = {
			isa = PBXGroup;
			children = (
				B93C84F3251350A90004F864 /* TaskScene */,
				B9135F06251239DA00DE047A /* Domain */,
				B99B1D18250F55D5000E0CDD /* TasksTests.swift */,
				B99B1D1A250F55D5000E0CDD /* Info.plist */,
			);
			path = TasksTests;
			sourceTree = "<group>";
		};
		B99B1D22250F55D5000E0CDD /* TasksUITests */ = {
			isa = PBXGroup;
			children = (
				B99B1D23250F55D5000E0CDD /* TasksUITests.swift */,
				B99B1D25250F55D5000E0CDD /* Info.plist */,
			);
			path = TasksUITests;
			sourceTree = "<group>";
		};
		B99B1D31250F57B2000E0CDD /* Application */ = {
			isa = PBXGroup;
			children = (
				B9FDA4D5250F9508009DB027 /* DI */,
				B99B1D01250F55D3000E0CDD /* AppDelegate.swift */,
				B99B1D33250F57EA000E0CDD /* ApplicationRouter.swift */,
				B99B1D41250F5AB2000E0CDD /* ApplicationCoordinator.swift */,
				B9FDA4BF250F7DA1009DB027 /* ApplicationConfigurations.swift */,
			);
			path = Application;
			sourceTree = "<group>";
		};
		B99B1D32250F57C2000E0CDD /* Resources */ = {
			isa = PBXGroup;
			children = (
				B99B1D0A250F55D5000E0CDD /* Assets.xcassets */,
				B99B1D0C250F55D5000E0CDD /* LaunchScreen.storyboard */,
			);
			path = Resources;
			sourceTree = "<group>";
		};
		B99B1D35250F5900000E0CDD /* Presentation */ = {
			isa = PBXGroup;
			children = (
				B9958EEC250FF1B100B19D36 /* TaskDetail */,
				B99B1D38250F591A000E0CDD /* TasksList */,
			);
			path = Presentation;
			sourceTree = "<group>";
		};
		B99B1D36250F5909000E0CDD /* Domain */ = {
			isa = PBXGroup;
			children = (
				B9FDA4BA250F6948009DB027 /* Repository */,
				B9FDA4B4250F6826009DB027 /* UseCases */,
				B9FDA4AF250F665C009DB027 /* Entities */,
			);
			path = Domain;
			sourceTree = "<group>";
		};
		B99B1D37250F590D000E0CDD /* Data */ = {
			isa = PBXGroup;
			children = (
				B9FDA4E0250FA072009DB027 /* Network */,
				B9FDA4DD250F9EC7009DB027 /* PersistentStorages */,
				B9FDA4DA250F9E61009DB027 /* Repositories */,
			);
			path = Data;
			sourceTree = "<group>";
		};
		B99B1D38250F591A000E0CDD /* TasksList */ = {
			isa = PBXGroup;
			children = (
				B99B1D43250F5C78000E0CDD /* Flow */,
				B9FDA4A8250F6015009DB027 /* ViewModel */,
				B99B1D3A250F5930000E0CDD /* View */,
			);
			path = TasksList;
			sourceTree = "<group>";
		};
		B99B1D3A250F5930000E0CDD /* View */ = {
			isa = PBXGroup;
			children = (
				B9958EE7250FEB5200B19D36 /* Cell */,
				B99B1D3D250F5A3A000E0CDD /* TasksListTableViewController.swift */,
				B99B1D46250F5DBC000E0CDD /* TasksList.storyboard */,
			);
			path = View;
			sourceTree = "<group>";
		};
		B99B1D43250F5C78000E0CDD /* Flow */ = {
			isa = PBXGroup;
			children = (
				B99B1D44250F5C8D000E0CDD /* TasksListCoordinator.swift */,
			);
			path = Flow;
			sourceTree = "<group>";
		};
		B9FDA4A8250F6015009DB027 /* ViewModel */ = {
			isa = PBXGroup;
			children = (
				B9FDA4A9250F6024009DB027 /* TasksListViewModel.swift */,
				B9FDA4AD250F6447009DB027 /* TasksListItemViewModel.swift */,
			);
			path = ViewModel;
			sourceTree = "<group>";
		};
		B9FDA4AF250F665C009DB027 /* Entities */ = {
			isa = PBXGroup;
			children = (
				B9FDA4B0250F6669009DB027 /* Task.swift */,
				B9FDA4B2250F676A009DB027 /* TaskQuery.swift */,
			);
			path = Entities;
			sourceTree = "<group>";
		};
		B9FDA4B4250F6826009DB027 /* UseCases */ = {
			isa = PBXGroup;
			children = (
				B9FDA4B5250F683C009DB027 /* TasksUseCase.swift */,
			);
			path = UseCases;
			sourceTree = "<group>";
		};
		B9FDA4BA250F6948009DB027 /* Repository */ = {
			isa = PBXGroup;
			children = (
				B9FDA4BB250F6957009DB027 /* TasksRepository.swift */,
			);
			path = Repository;
			sourceTree = "<group>";
		};
		B9FDA4C3250F9386009DB027 /* Infrastructure */ = {
			isa = PBXGroup;
			children = (
				B9FDA4C4250F9391009DB027 /* Network */,
			);
			path = Infrastructure;
			sourceTree = "<group>";
		};
		B9FDA4C4250F9391009DB027 /* Network */ = {
			isa = PBXGroup;
			children = (
				B9FDA4CE250F9411009DB027 /* DataTransferService.swift */,
				B9FDA4D0250F9411009DB027 /* Endpoint.swift */,
				B9FDA4CD250F9411009DB027 /* NetworkConfig.swift */,
				B9FDA4CF250F9411009DB027 /* NetworkService.swift */,
			);
			path = Network;
			sourceTree = "<group>";
		};
		B9FDA4D5250F9508009DB027 /* DI */ = {
			isa = PBXGroup;
			children = (
				B9FDA4C1250F7EAD009DB027 /* ApplicationDI.swift */,
				B9FDA4D6250F9518009DB027 /* TasksSceneDI.swift */,
			);
			path = DI;
			sourceTree = "<group>";
		};
		B9FDA4DA250F9E61009DB027 /* Repositories */ = {
			isa = PBXGroup;
			children = (
				B9FDA4DB250F9E71009DB027 /* BaseTasksRepository.swift */,
			);
			path = Repositories;
			sourceTree = "<group>";
		};
		B9FDA4DD250F9EC7009DB027 /* PersistentStorages */ = {
			isa = PBXGroup;
			children = (
				B9FDA4E6250FA3C6009DB027 /* CoreDataStorage */,
				B9FDA4DE250F9EDF009DB027 /* TasksResponseStorage.swift */,
			);
			path = PersistentStorages;
			sourceTree = "<group>";
		};
		B9FDA4E0250FA072009DB027 /* Network */ = {
			isa = PBXGroup;
			children = (
				B9FDA4E1250FA088009DB027 /* Mapping */,
				B9FDA4E9250FA63F009DB027 /* APIEndpoints.swift */,
			);
			path = Network;
			sourceTree = "<group>";
		};
		B9FDA4E1250FA088009DB027 /* Mapping */ = {
			isa = PBXGroup;
			children = (
				B9FDA4E2250FA09C009DB027 /* TasksRequestDTO+Mapping.swift */,
				B9FDA4E4250FA0DC009DB027 /* TasksResponseDTO+Mapping.swift */,
			);
			path = Mapping;
			sourceTree = "<group>";
		};
		B9FDA4E6250FA3C6009DB027 /* CoreDataStorage */ = {
			isa = PBXGroup;
			children = (
				B9FDA4EB250FA8A4009DB027 /* CoreDataTasksResponseStorage.swift */,
				B9FDA4ED250FA8C6009DB027 /* CoreDataStorage.swift */,
				B9FDA4EF250FA907009DB027 /* CoreDataStorage.xcdatamodeld */,
			);
			path = CoreDataStorage;
			sourceTree = "<group>";
		};
/* End PBXGroup section */

/* Begin PBXNativeTarget section */
		B99B1CFD250F55D3000E0CDD /* Tasks */ = {
			isa = PBXNativeTarget;
			buildConfigurationList = B99B1D28250F55D5000E0CDD /* Build configuration list for PBXNativeTarget "Tasks" */;
			buildPhases = (
				B99B1CFA250F55D3000E0CDD /* Sources */,
				B99B1CFB250F55D3000E0CDD /* Frameworks */,
				B99B1CFC250F55D3000E0CDD /* Resources */,
			);
			buildRules = (
			);
			dependencies = (
			);
			name = Tasks;
			productName = Tasks;
			productReference = B99B1CFE250F55D3000E0CDD /* Tasks.app */;
			productType = "com.apple.product-type.application";
		};
		B99B1D13250F55D5000E0CDD /* TasksTests */ = {
			isa = PBXNativeTarget;
			buildConfigurationList = B99B1D2B250F55D5000E0CDD /* Build configuration list for PBXNativeTarget "TasksTests" */;
			buildPhases = (
				B99B1D10250F55D5000E0CDD /* Sources */,
				B99B1D11250F55D5000E0CDD /* Frameworks */,
				B99B1D12250F55D5000E0CDD /* Resources */,
			);
			buildRules = (
			);
			dependencies = (
				B99B1D16250F55D5000E0CDD /* PBXTargetDependency */,
			);
			name = TasksTests;
			productName = TasksTests;
			productReference = B99B1D14250F55D5000E0CDD /* TasksTests.xctest */;
			productType = "com.apple.product-type.bundle.unit-test";
		};
		B99B1D1E250F55D5000E0CDD /* TasksUITests */ = {
			isa = PBXNativeTarget;
			buildConfigurationList = B99B1D2E250F55D5000E0CDD /* Build configuration list for PBXNativeTarget "TasksUITests" */;
			buildPhases = (
				B99B1D1B250F55D5000E0CDD /* Sources */,
				B99B1D1C250F55D5000E0CDD /* Frameworks */,
				B99B1D1D250F55D5000E0CDD /* Resources */,
			);
			buildRules = (
			);
			dependencies = (
				B99B1D21250F55D5000E0CDD /* PBXTargetDependency */,
			);
			name = TasksUITests;
			productName = TasksUITests;
			productReference = B99B1D1F250F55D5000E0CDD /* TasksUITests.xctest */;
			productType = "com.apple.product-type.bundle.ui-testing";
		};
/* End PBXNativeTarget section */

/* Begin PBXProject section */
		B99B1CF6250F55D3000E0CDD /* Project object */ = {
			isa = PBXProject;
			attributes = {
				LastSwiftUpdateCheck = 1160;
				LastUpgradeCheck = 1160;
				ORGANIZATIONNAME = arpro;
				TargetAttributes = {
					B99B1CFD250F55D3000E0CDD = {
						CreatedOnToolsVersion = 11.6;
					};
					B99B1D13250F55D5000E0CDD = {
						CreatedOnToolsVersion = 11.6;
						TestTargetID = B99B1CFD250F55D3000E0CDD;
					};
					B99B1D1E250F55D5000E0CDD = {
						CreatedOnToolsVersion = 11.6;
						TestTargetID = B99B1CFD250F55D3000E0CDD;
					};
				};
			};
			buildConfigurationList = B99B1CF9250F55D3000E0CDD /* Build configuration list for PBXProject "Tasks" */;
			compatibilityVersion = "Xcode 9.3";
			developmentRegion = en;
			hasScannedForEncodings = 0;
			knownRegions = (
				en,
				Base,
			);
			mainGroup = B99B1CF5250F55D3000E0CDD;
			productRefGroup = B99B1CFF250F55D3000E0CDD /* Products */;
			projectDirPath = "";
			projectRoot = "";
			targets = (
				B99B1CFD250F55D3000E0CDD /* Tasks */,
				B99B1D13250F55D5000E0CDD /* TasksTests */,
				B99B1D1E250F55D5000E0CDD /* TasksUITests */,
			);
		};
/* End PBXProject section */

/* Begin PBXResourcesBuildPhase section */
		B99B1CFC250F55D3000E0CDD /* Resources */ = {
			isa = PBXResourcesBuildPhase;
			buildActionMask = 2147483647;
			files = (
				B99B1D0E250F55D5000E0CDD /* LaunchScreen.storyboard in Resources */,
				B99B1D0B250F55D5000E0CDD /* Assets.xcassets in Resources */,
				B9958EF4250FF20900B19D36 /* TaskDetail.storyboard in Resources */,
				B99B1D47250F5DBC000E0CDD /* TasksList.storyboard in Resources */,
			);
			runOnlyForDeploymentPostprocessing = 0;
		};
		B99B1D12250F55D5000E0CDD /* Resources */ = {
			isa = PBXResourcesBuildPhase;
			buildActionMask = 2147483647;
			files = (
			);
			runOnlyForDeploymentPostprocessing = 0;
		};
		B99B1D1D250F55D5000E0CDD /* Resources */ = {
			isa = PBXResourcesBuildPhase;
			buildActionMask = 2147483647;
			files = (
			);
			runOnlyForDeploymentPostprocessing = 0;
		};
/* End PBXResourcesBuildPhase section */

/* Begin PBXSourcesBuildPhase section */
		B99B1CFA250F55D3000E0CDD /* Sources */ = {
			isa = PBXSourcesBuildPhase;
			buildActionMask = 2147483647;
			files = (
				B9FDA4EE250FA8C6009DB027 /* CoreDataStorage.swift in Sources */,
				B9FDA4D2250F9411009DB027 /* DataTransferService.swift in Sources */,
				B9FDA4AE250F6447009DB027 /* TasksListItemViewModel.swift in Sources */,
				B9FDA4B8250F68E4009DB027 /* Cancellable.swift in Sources */,
				B9FDA4AC250F61DF009DB027 /* Observable.swift in Sources */,
				B9FDA4B1250F6669009DB027 /* Task.swift in Sources */,
				B9CB700F2510A59800B7852F /* TaskResponseEntity+CoreDataClass.swift in Sources */,
				B9FDA4BC250F6957009DB027 /* TasksRepository.swift in Sources */,
				B9FDA4E3250FA09C009DB027 /* TasksRequestDTO+Mapping.swift in Sources */,
				B9FDA4D1250F9411009DB027 /* NetworkConfig.swift in Sources */,
				B9CB70102510A59800B7852F /* TaskResponseEntity+CoreDataProperties.swift in Sources */,
				B9FDA4E8250FA4A0009DB027 /* RepositoryResponsibility.swift in Sources */,
				B9FDA4D7250F9518009DB027 /* TasksSceneDI.swift in Sources */,
				B9FDA4D9250F9D45009DB027 /* StoryboardInstantiable.swift in Sources */,
				B9FDA4EC250FA8A4009DB027 /* CoreDataTasksResponseStorage.swift in Sources */,
				B9958EE9250FEB6A00B19D36 /* TaskTableViewCell.swift in Sources */,
				B9958EF6250FF53D00B19D36 /* TaskDetailsViewModel.swift in Sources */,
				B9FDA4C0250F7DA1009DB027 /* ApplicationConfigurations.swift in Sources */,
				B99B1D42250F5AB2000E0CDD /* ApplicationCoordinator.swift in Sources */,
				B99B1D02250F55D3000E0CDD /* AppDelegate.swift in Sources */,
				B99B1D34250F57EA000E0CDD /* ApplicationRouter.swift in Sources */,
				B9FDA4EA250FA63F009DB027 /* APIEndpoints.swift in Sources */,
				B99B1D45250F5C8D000E0CDD /* TasksListCoordinator.swift in Sources */,
				B9135F0525120EA500DE047A /* UIImageExtension.swift in Sources */,
				B9FDA4B3250F676A009DB027 /* TaskQuery.swift in Sources */,
				B9FDA4DF250F9EDF009DB027 /* TasksResponseStorage.swift in Sources */,
				B9FDA4B6250F683C009DB027 /* TasksUseCase.swift in Sources */,
				B9FDA4E5250FA0DC009DB027 /* TasksResponseDTO+Mapping.swift in Sources */,
				B9FDA4D4250F9411009DB027 /* Endpoint.swift in Sources */,
				B99B1D3E250F5A3A000E0CDD /* TasksListTableViewController.swift in Sources */,
				B9FDA4D3250F9411009DB027 /* NetworkService.swift in Sources */,
				B9FDA4AA250F6024009DB027 /* TasksListViewModel.swift in Sources */,
				B9FDA4DC250F9E71009DB027 /* BaseTasksRepository.swift in Sources */,
				B9FDA4F1250FA907009DB027 /* CoreDataStorage.xcdatamodeld in Sources */,
				B9958EF0250FF1CE00B19D36 /* TaskDetailViewController.swift in Sources */,
				B9FDA4C2250F7EAD009DB027 /* ApplicationDI.swift in Sources */,
			);
			runOnlyForDeploymentPostprocessing = 0;
		};
		B99B1D10250F55D5000E0CDD /* Sources */ = {
			isa = PBXSourcesBuildPhase;
			buildActionMask = 2147483647;
			files = (
				B9135F08251239EC00DE047A /* TasksUseCaseTests.swift in Sources */,
				B93C84F5251350F00004F864 /* TaskDetailSceneTest.swift in Sources */,
				B99B1D19250F55D5000E0CDD /* TasksTests.swift in Sources */,
				B93C84F7251360D70004F864 /* TaskListSceneTest.swift in Sources */,
			);
			runOnlyForDeploymentPostprocessing = 0;
		};
		B99B1D1B250F55D5000E0CDD /* Sources */ = {
			isa = PBXSourcesBuildPhase;
			buildActionMask = 2147483647;
			files = (
				B99B1D24250F55D5000E0CDD /* TasksUITests.swift in Sources */,
			);
			runOnlyForDeploymentPostprocessing = 0;
		};
/* End PBXSourcesBuildPhase section */

/* Begin PBXTargetDependency section */
		B99B1D16250F55D5000E0CDD /* PBXTargetDependency */ = {
			isa = PBXTargetDependency;
			target = B99B1CFD250F55D3000E0CDD /* Tasks */;
			targetProxy = B99B1D15250F55D5000E0CDD /* PBXContainerItemProxy */;
		};
		B99B1D21250F55D5000E0CDD /* PBXTargetDependency */ = {
			isa = PBXTargetDependency;
			target = B99B1CFD250F55D3000E0CDD /* Tasks */;
			targetProxy = B99B1D20250F55D5000E0CDD /* PBXContainerItemProxy */;
		};
/* End PBXTargetDependency section */

/* Begin PBXVariantGroup section */
		B99B1D0C250F55D5000E0CDD /* LaunchScreen.storyboard */ = {
			isa = PBXVariantGroup;
			children = (
				B99B1D0D250F55D5000E0CDD /* Base */,
			);
			name = LaunchScreen.storyboard;
			sourceTree = "<group>";
		};
/* End PBXVariantGroup section */

/* Begin XCBuildConfiguration section */
		B99B1D26250F55D5000E0CDD /* Debug */ = {
			isa = XCBuildConfiguration;
			buildSettings = {
				ALWAYS_SEARCH_USER_PATHS = NO;
				CLANG_ANALYZER_NONNULL = YES;
				CLANG_ANALYZER_NUMBER_OBJECT_CONVERSION = YES_AGGRESSIVE;
				CLANG_CXX_LANGUAGE_STANDARD = "gnu++14";
				CLANG_CXX_LIBRARY = "libc++";
				CLANG_ENABLE_MODULES = YES;
				CLANG_ENABLE_OBJC_ARC = YES;
				CLANG_ENABLE_OBJC_WEAK = YES;
				CLANG_WARN_BLOCK_CAPTURE_AUTORELEASING = YES;
				CLANG_WARN_BOOL_CONVERSION = YES;
				CLANG_WARN_COMMA = YES;
				CLANG_WARN_CONSTANT_CONVERSION = YES;
				CLANG_WARN_DEPRECATED_OBJC_IMPLEMENTATIONS = YES;
				CLANG_WARN_DIRECT_OBJC_ISA_USAGE = YES_ERROR;
				CLANG_WARN_DOCUMENTATION_COMMENTS = YES;
				CLANG_WARN_EMPTY_BODY = YES;
				CLANG_WARN_ENUM_CONVERSION = YES;
				CLANG_WARN_INFINITE_RECURSION = YES;
				CLANG_WARN_INT_CONVERSION = YES;
				CLANG_WARN_NON_LITERAL_NULL_CONVERSION = YES;
				CLANG_WARN_OBJC_IMPLICIT_RETAIN_SELF = YES;
				CLANG_WARN_OBJC_LITERAL_CONVERSION = YES;
				CLANG_WARN_OBJC_ROOT_CLASS = YES_ERROR;
				CLANG_WARN_RANGE_LOOP_ANALYSIS = YES;
				CLANG_WARN_STRICT_PROTOTYPES = YES;
				CLANG_WARN_SUSPICIOUS_MOVE = YES;
				CLANG_WARN_UNGUARDED_AVAILABILITY = YES_AGGRESSIVE;
				CLANG_WARN_UNREACHABLE_CODE = YES;
				CLANG_WARN__DUPLICATE_METHOD_MATCH = YES;
				COPY_PHASE_STRIP = NO;
				DEBUG_INFORMATION_FORMAT = dwarf;
				ENABLE_STRICT_OBJC_MSGSEND = YES;
				ENABLE_TESTABILITY = YES;
				GCC_C_LANGUAGE_STANDARD = gnu11;
				GCC_DYNAMIC_NO_PIC = NO;
				GCC_NO_COMMON_BLOCKS = YES;
				GCC_OPTIMIZATION_LEVEL = 0;
				GCC_PREPROCESSOR_DEFINITIONS = (
					"DEBUG=1",
					"$(inherited)",
				);
				GCC_WARN_64_TO_32_BIT_CONVERSION = YES;
				GCC_WARN_ABOUT_RETURN_TYPE = YES_ERROR;
				GCC_WARN_UNDECLARED_SELECTOR = YES;
				GCC_WARN_UNINITIALIZED_AUTOS = YES_AGGRESSIVE;
				GCC_WARN_UNUSED_FUNCTION = YES;
				GCC_WARN_UNUSED_VARIABLE = YES;
				IPHONEOS_DEPLOYMENT_TARGET = 13.6;
				MTL_ENABLE_DEBUG_INFO = INCLUDE_SOURCE;
				MTL_FAST_MATH = YES;
				ONLY_ACTIVE_ARCH = YES;
				SDKROOT = iphoneos;
				SWIFT_ACTIVE_COMPILATION_CONDITIONS = DEBUG;
				SWIFT_OPTIMIZATION_LEVEL = "-Onone";
			};
			name = Debug;
		};
		B99B1D27250F55D5000E0CDD /* Release */ = {
			isa = XCBuildConfiguration;
			buildSettings = {
				ALWAYS_SEARCH_USER_PATHS = NO;
				CLANG_ANALYZER_NONNULL = YES;
				CLANG_ANALYZER_NUMBER_OBJECT_CONVERSION = YES_AGGRESSIVE;
				CLANG_CXX_LANGUAGE_STANDARD = "gnu++14";
				CLANG_CXX_LIBRARY = "libc++";
				CLANG_ENABLE_MODULES = YES;
				CLANG_ENABLE_OBJC_ARC = YES;
				CLANG_ENABLE_OBJC_WEAK = YES;
				CLANG_WARN_BLOCK_CAPTURE_AUTORELEASING = YES;
				CLANG_WARN_BOOL_CONVERSION = YES;
				CLANG_WARN_COMMA = YES;
				CLANG_WARN_CONSTANT_CONVERSION = YES;
				CLANG_WARN_DEPRECATED_OBJC_IMPLEMENTATIONS = YES;
				CLANG_WARN_DIRECT_OBJC_ISA_USAGE = YES_ERROR;
				CLANG_WARN_DOCUMENTATION_COMMENTS = YES;
				CLANG_WARN_EMPTY_BODY = YES;
				CLANG_WARN_ENUM_CONVERSION = YES;
				CLANG_WARN_INFINITE_RECURSION = YES;
				CLANG_WARN_INT_CONVERSION = YES;
				CLANG_WARN_NON_LITERAL_NULL_CONVERSION = YES;
				CLANG_WARN_OBJC_IMPLICIT_RETAIN_SELF = YES;
				CLANG_WARN_OBJC_LITERAL_CONVERSION = YES;
				CLANG_WARN_OBJC_ROOT_CLASS = YES_ERROR;
				CLANG_WARN_RANGE_LOOP_ANALYSIS = YES;
				CLANG_WARN_STRICT_PROTOTYPES = YES;
				CLANG_WARN_SUSPICIOUS_MOVE = YES;
				CLANG_WARN_UNGUARDED_AVAILABILITY = YES_AGGRESSIVE;
				CLANG_WARN_UNREACHABLE_CODE = YES;
				CLANG_WARN__DUPLICATE_METHOD_MATCH = YES;
				COPY_PHASE_STRIP = NO;
				DEBUG_INFORMATION_FORMAT = "dwarf-with-dsym";
				ENABLE_NS_ASSERTIONS = NO;
				ENABLE_STRICT_OBJC_MSGSEND = YES;
				GCC_C_LANGUAGE_STANDARD = gnu11;
				GCC_NO_COMMON_BLOCKS = YES;
				GCC_WARN_64_TO_32_BIT_CONVERSION = YES;
				GCC_WARN_ABOUT_RETURN_TYPE = YES_ERROR;
				GCC_WARN_UNDECLARED_SELECTOR = YES;
				GCC_WARN_UNINITIALIZED_AUTOS = YES_AGGRESSIVE;
				GCC_WARN_UNUSED_FUNCTION = YES;
				GCC_WARN_UNUSED_VARIABLE = YES;
				IPHONEOS_DEPLOYMENT_TARGET = 13.6;
				MTL_ENABLE_DEBUG_INFO = NO;
				MTL_FAST_MATH = YES;
				SDKROOT = iphoneos;
				SWIFT_COMPILATION_MODE = wholemodule;
				SWIFT_OPTIMIZATION_LEVEL = "-O";
				VALIDATE_PRODUCT = YES;
			};
			name = Release;
		};
		B99B1D29250F55D5000E0CDD /* Debug */ = {
			isa = XCBuildConfiguration;
			buildSettings = {
				ASSETCATALOG_COMPILER_APPICON_NAME = AppIcon;
				CODE_SIGN_STYLE = Automatic;
				DEVELOPMENT_TEAM = 5AG4QGJY7S;
				INFOPLIST_FILE = Tasks/Info.plist;
				IPHONEOS_DEPLOYMENT_TARGET = 12.0;
				LD_RUNPATH_SEARCH_PATHS = (
					"$(inherited)",
					"@executable_path/Frameworks",
				);
				PRODUCT_BUNDLE_IDENTIFIER = pl.apitula.Tasks;
				PRODUCT_NAME = "$(TARGET_NAME)";
				SWIFT_VERSION = 5.0;
				TARGETED_DEVICE_FAMILY = "1,2";
			};
			name = Debug;
		};
		B99B1D2A250F55D5000E0CDD /* Release */ = {
			isa = XCBuildConfiguration;
			buildSettings = {
				ASSETCATALOG_COMPILER_APPICON_NAME = AppIcon;
				CODE_SIGN_STYLE = Automatic;
				DEVELOPMENT_TEAM = 5AG4QGJY7S;
				INFOPLIST_FILE = Tasks/Info.plist;
				IPHONEOS_DEPLOYMENT_TARGET = 12.0;
				LD_RUNPATH_SEARCH_PATHS = (
					"$(inherited)",
					"@executable_path/Frameworks",
				);
				PRODUCT_BUNDLE_IDENTIFIER = pl.apitula.Tasks;
				PRODUCT_NAME = "$(TARGET_NAME)";
				SWIFT_VERSION = 5.0;
				TARGETED_DEVICE_FAMILY = "1,2";
			};
			name = Release;
		};
		B99B1D2C250F55D5000E0CDD /* Debug */ = {
			isa = XCBuildConfiguration;
			buildSettings = {
				ALWAYS_EMBED_SWIFT_STANDARD_LIBRARIES = YES;
				BUNDLE_LOADER = "$(TEST_HOST)";
				CODE_SIGN_STYLE = Automatic;
				DEVELOPMENT_TEAM = 5AG4QGJY7S;
				INFOPLIST_FILE = TasksTests/Info.plist;
				IPHONEOS_DEPLOYMENT_TARGET = 13.6;
				LD_RUNPATH_SEARCH_PATHS = (
					"$(inherited)",
					"@executable_path/Frameworks",
					"@loader_path/Frameworks",
				);
				PRODUCT_BUNDLE_IDENTIFIER = pl.apitula.TasksTests;
				PRODUCT_NAME = "$(TARGET_NAME)";
				SWIFT_VERSION = 5.0;
				TARGETED_DEVICE_FAMILY = "1,2";
				TEST_HOST = "$(BUILT_PRODUCTS_DIR)/Tasks.app/Tasks";
			};
			name = Debug;
		};
		B99B1D2D250F55D5000E0CDD /* Release */ = {
			isa = XCBuildConfiguration;
			buildSettings = {
				ALWAYS_EMBED_SWIFT_STANDARD_LIBRARIES = YES;
				BUNDLE_LOADER = "$(TEST_HOST)";
				CODE_SIGN_STYLE = Automatic;
				DEVELOPMENT_TEAM = 5AG4QGJY7S;
				INFOPLIST_FILE = TasksTests/Info.plist;
				IPHONEOS_DEPLOYMENT_TARGET = 13.6;
				LD_RUNPATH_SEARCH_PATHS = (
					"$(inherited)",
					"@executable_path/Frameworks",
					"@loader_path/Frameworks",
				);
				PRODUCT_BUNDLE_IDENTIFIER = pl.apitula.TasksTests;
				PRODUCT_NAME = "$(TARGET_NAME)";
				SWIFT_VERSION = 5.0;
				TARGETED_DEVICE_FAMILY = "1,2";
				TEST_HOST = "$(BUILT_PRODUCTS_DIR)/Tasks.app/Tasks";
			};
			name = Release;
		};
		B99B1D2F250F55D5000E0CDD /* Debug */ = {
			isa = XCBuildConfiguration;
			buildSettings = {
				ALWAYS_EMBED_SWIFT_STANDARD_LIBRARIES = YES;
				CODE_SIGN_STYLE = Automatic;
				DEVELOPMENT_TEAM = 5AG4QGJY7S;
				INFOPLIST_FILE = TasksUITests/Info.plist;
				LD_RUNPATH_SEARCH_PATHS = (
					"$(inherited)",
					"@executable_path/Frameworks",
					"@loader_path/Frameworks",
				);
				PRODUCT_BUNDLE_IDENTIFIER = pl.apitula.TasksUITests;
				PRODUCT_NAME = "$(TARGET_NAME)";
				SWIFT_VERSION = 5.0;
				TARGETED_DEVICE_FAMILY = "1,2";
				TEST_TARGET_NAME = Tasks;
			};
			name = Debug;
		};
		B99B1D30250F55D5000E0CDD /* Release */ = {
			isa = XCBuildConfiguration;
			buildSettings = {
				ALWAYS_EMBED_SWIFT_STANDARD_LIBRARIES = YES;
				CODE_SIGN_STYLE = Automatic;
				DEVELOPMENT_TEAM = 5AG4QGJY7S;
				INFOPLIST_FILE = TasksUITests/Info.plist;
				LD_RUNPATH_SEARCH_PATHS = (
					"$(inherited)",
					"@executable_path/Frameworks",
					"@loader_path/Frameworks",
				);
				PRODUCT_BUNDLE_IDENTIFIER = pl.apitula.TasksUITests;
				PRODUCT_NAME = "$(TARGET_NAME)";
				SWIFT_VERSION = 5.0;
				TARGETED_DEVICE_FAMILY = "1,2";
				TEST_TARGET_NAME = Tasks;
			};
			name = Release;
		};
/* End XCBuildConfiguration section */

/* Begin XCConfigurationList section */
		B99B1CF9250F55D3000E0CDD /* Build configuration list for PBXProject "Tasks" */ = {
			isa = XCConfigurationList;
			buildConfigurations = (
				B99B1D26250F55D5000E0CDD /* Debug */,
				B99B1D27250F55D5000E0CDD /* Release */,
			);
			defaultConfigurationIsVisible = 0;
			defaultConfigurationName = Release;
		};
		B99B1D28250F55D5000E0CDD /* Build configuration list for PBXNativeTarget "Tasks" */ = {
			isa = XCConfigurationList;
			buildConfigurations = (
				B99B1D29250F55D5000E0CDD /* Debug */,
				B99B1D2A250F55D5000E0CDD /* Release */,
			);
			defaultConfigurationIsVisible = 0;
			defaultConfigurationName = Release;
		};
		B99B1D2B250F55D5000E0CDD /* Build configuration list for PBXNativeTarget "TasksTests" */ = {
			isa = XCConfigurationList;
			buildConfigurations = (
				B99B1D2C250F55D5000E0CDD /* Debug */,
				B99B1D2D250F55D5000E0CDD /* Release */,
			);
			defaultConfigurationIsVisible = 0;
			defaultConfigurationName = Release;
		};
		B99B1D2E250F55D5000E0CDD /* Build configuration list for PBXNativeTarget "TasksUITests" */ = {
			isa = XCConfigurationList;
			buildConfigurations = (
				B99B1D2F250F55D5000E0CDD /* Debug */,
				B99B1D30250F55D5000E0CDD /* Release */,
			);
			defaultConfigurationIsVisible = 0;
			defaultConfigurationName = Release;
		};
/* End XCConfigurationList section */

/* Begin XCVersionGroup section */
		B9FDA4EF250FA907009DB027 /* CoreDataStorage.xcdatamodeld */ = {
			isa = XCVersionGroup;
			children = (
				B9FDA4F0250FA907009DB027 /* CoreDataStorage.xcdatamodel */,
			);
			currentVersion = B9FDA4F0250FA907009DB027 /* CoreDataStorage.xcdatamodel */;
			path = CoreDataStorage.xcdatamodeld;
			sourceTree = "<group>";
			versionGroupType = wrapper.xcdatamodel;
		};
/* End XCVersionGroup section */
	};
	rootObject = B99B1CF6250F55D3000E0CDD /* Project object */;
}
